
Microsoft Visual Studio Solution File, Format Version 12.00
# Visual Studio 15
VisualStudioVersion = 15.0.26730.16
MinimumVisualStudioVersion = 10.0.40219.1
Project("{FAE04EC0-301F-11D3-BF4B-00C04F79EFBC}") = "SampleSequencer3-5", "SampleSequencer3-5\SampleSequencer3-5.csproj", "{9B12BD21-A438-4BBF-AFCD-2860340D0CFE}"
EndProject
Global
	GlobalSection(SolutionConfigurationPlatforms) = preSolution
		Debug|Any CPU = Debug|Any CPU
		Release|Any CPU = Release|Any CPU
	EndGlobalSection
	GlobalSection(ProjectConfigurationPlatforms) = postSolution
		{9B12BD21-A438-4BBF-AFCD-2860340D0CFE}.Debug|Any CPU.ActiveCfg = Debug|Any CPU
		{9B12BD21-A438-4BBF-AFCD-2860340D0CFE}.Debug|Any CPU.Build.0 = Debug|Any CPU
		{9B12BD21-A438-4BBF-AFCD-2860340D0CFE}.Release|Any CPU.ActiveCfg = Release|Any CPU
		{9B12BD21-A438-4BBF-AFCD-2860340D0CFE}.Release|Any CPU.Build.0 = Release|Any CPU
	EndGlobalSection
	GlobalSection(SolutionProperties) = preSolution
		HideSolutionNode = FALSE
	EndGlobalSection
	GlobalSection(ExtensibilityGlobals) = postSolution
		SolutionGuid = {5F74B8D1-428F-4FBF-94E5-D43D5BBFF447}
	EndGlobalSection
EndGlobal
